
Microsoft Visual Studio Solution File, Format Version 12.00
# Visual Studio Version 17
VisualStudioVersion = 17.3.32922.545
MinimumVisualStudioVersion = 10.0.40219.1
Project("{FAE04EC0-301F-11D3-BF4B-00C04F79EFBC}") = "MagicVilla_API", "MagicVilla_API\MagicVilla_API.csproj", "{408D82DA-A0AA-41D4-9F2E-6920D992DB95}"
EndProject
Global
	GlobalSection(SolutionConfigurationPlatforms) = preSolution
		Debug|Any CPU = Debug|Any CPU
		Release|Any CPU = Release|Any CPU
	EndGlobalSection
	GlobalSection(ProjectConfigurationPlatforms) = postSolution
		{408D82DA-A0AA-41D4-9F2E-6920D992DB95}.Debug|Any CPU.ActiveCfg = Debug|Any CPU
		{408D82DA-A0AA-41D4-9F2E-6920D992DB95}.Debug|Any CPU.Build.0 = Debug|Any CPU
		{408D82DA-A0AA-41D4-9F2E-6920D992DB95}.Release|Any CPU.ActiveCfg = Release|Any CPU
		{408D82DA-A0AA-41D4-9F2E-6920D992DB95}.Release|Any CPU.Build.0 = Release|Any CPU
	EndGlobalSection
	GlobalSection(SolutionProperties) = preSolution
		HideSolutionNode = FALSE
	EndGlobalSection
	GlobalSection(ExtensibilityGlobals) = postSolution
		SolutionGuid = {909559C9-A5EA-4663-9451-7626A58B5AB4}
	EndGlobalSection
EndGlobal
